
Microsoft Visual Studio Solution File, Format Version 12.00
# Visual Studio Version 17
VisualStudioVersion = 17.1.32414.318
MinimumVisualStudioVersion = 10.0.40219.1
Project("{FAE04EC0-301F-11D3-BF4B-00C04F79EFBC}") = "web_api_es", "web_api_es\web_api_es.csproj", "{CF84F7D7-9D78-46D8-91A0-3D974B033470}"
EndProject
Project("{FAE04EC0-301F-11D3-BF4B-00C04F79EFBC}") = "web_mvc", "web_mvc\web_mvc.csproj", "{F81A2E3A-F893-49FC-B50B-2CF39383B33C}"
EndProject
Global
	GlobalSection(SolutionConfigurationPlatforms) = preSolution
		Debug|Any CPU = Debug|Any CPU
		Release|Any CPU = Release|Any CPU
	EndGlobalSection
	GlobalSection(ProjectConfigurationPlatforms) = postSolution
		{CF84F7D7-9D78-46D8-91A0-3D974B033470}.Debug|Any CPU.ActiveCfg = Debug|Any CPU
		{CF84F7D7-9D78-46D8-91A0-3D974B033470}.Debug|Any CPU.Build.0 = Debug|Any CPU
		{CF84F7D7-9D78-46D8-91A0-3D974B033470}.Release|Any CPU.ActiveCfg = Release|Any CPU
		{CF84F7D7-9D78-46D8-91A0-3D974B033470}.Release|Any CPU.Build.0 = Release|Any CPU
		{F81A2E3A-F893-49FC-B50B-2CF39383B33C}.Debug|Any CPU.ActiveCfg = Debug|Any CPU
		{F81A2E3A-F893-49FC-B50B-2CF39383B33C}.Debug|Any CPU.Build.0 = Debug|Any CPU
		{F81A2E3A-F893-49FC-B50B-2CF39383B33C}.Release|Any CPU.ActiveCfg = Release|Any CPU
		{F81A2E3A-F893-49FC-B50B-2CF39383B33C}.Release|Any CPU.Build.0 = Release|Any CPU
	EndGlobalSection
	GlobalSection(SolutionProperties) = preSolution
		HideSolutionNode = FALSE
	EndGlobalSection
	GlobalSection(ExtensibilityGlobals) = postSolution
		SolutionGuid = {3613D66A-BA43-4C6F-9BE7-F94779E05FDA}
	EndGlobalSection
EndGlobal
